
Microsoft Visual Studio Solution File, Format Version 12.00
# Visual Studio 15
VisualStudioVersion = 15.0.27130.2010
MinimumVisualStudioVersion = 10.0.40219.1
Project("{FAE04EC0-301F-11D3-BF4B-00C04F79EFBC}") = "LibraryManagment", "LibraryManagment\LibraryManagment.csproj", "{7CAF0EB2-4B66-44BE-93F5-8B9FE5335A2A}"
EndProject
Global
	GlobalSection(SolutionConfigurationPlatforms) = preSolution
		Debug|Any CPU = Debug|Any CPU
		Release|Any CPU = Release|Any CPU
	EndGlobalSection
	GlobalSection(ProjectConfigurationPlatforms) = postSolution
		{7CAF0EB2-4B66-44BE-93F5-8B9FE5335A2A}.Debug|Any CPU.ActiveCfg = Debug|Any CPU
		{7CAF0EB2-4B66-44BE-93F5-8B9FE5335A2A}.Debug|Any CPU.Build.0 = Debug|Any CPU
		{7CAF0EB2-4B66-44BE-93F5-8B9FE5335A2A}.Release|Any CPU.ActiveCfg = Release|Any CPU
		{7CAF0EB2-4B66-44BE-93F5-8B9FE5335A2A}.Release|Any CPU.Build.0 = Release|Any CPU
	EndGlobalSection
	GlobalSection(SolutionProperties) = preSolution
		HideSolutionNode = FALSE
	EndGlobalSection
	GlobalSection(ExtensibilityGlobals) = postSolution
		SolutionGuid = {97CA5D6C-FB4D-4386-A004-5D0CF28D8116}
	EndGlobalSection
EndGlobal
